
Microsoft Visual Studio Solution File, Format Version 12.00
# Visual Studio 2013
VisualStudioVersion = 12.0.40629.0
MinimumVisualStudioVersion = 10.0.40219.1
Project("{FAE04EC0-301F-11D3-BF4B-00C04F79EFBC}") = "NancyASPHost", "NancyASPHost\NancyASPHost.csproj", "{887A8565-4A10-44C8-82EF-F2F2D1D2BFBF}"
EndProject
Project("{FAE04EC0-301F-11D3-BF4B-00C04F79EFBC}") = "Teste2", "Teste2\Teste2.csproj", "{79593615-289C-4376-9191-04A6A2C166A8}"
EndProject
Project("{FAE04EC0-301F-11D3-BF4B-00C04F79EFBC}") = "NancyHostLib", "NancyHostLib\NancyHostLib.csproj", "{D7E84CD2-9BE3-4C36-ACCA-B4773C45B075}"
EndProject
Project("{FAE04EC0-301F-11D3-BF4B-00C04F79EFBC}") = "NancySelfHost", "NancySelfHost\NancySelfHost.csproj", "{F30E11CF-CCBB-4FF0-BA3F-8C157395C78A}"
EndProject
Project("{FAE04EC0-301F-11D3-BF4B-00C04F79EFBC}") = "NancyApiHost.Security", "NancyApiHost.Security\NancyApiHost.Security.csproj", "{A51A1214-B6B2-49DD-9803-92339812F118}"
EndProject
Project("{FAE04EC0-301F-11D3-BF4B-00C04F79EFBC}") = "NancyApiHost.Interfaces", "NancyApiHost.Interfaces\NancyApiHost.Interfaces.csproj", "{BB12935E-05C5-4F6B-B8DC-05CB859C399E}"
EndProject
Project("{FAE04EC0-301F-11D3-BF4B-00C04F79EFBC}") = "BDCSecurityModule", "BDCSecurityModule\BDCSecurityModule.csproj", "{6AD84239-6FED-4082-8C0D-52346B3AE4E8}"
EndProject
Project("{FAE04EC0-301F-11D3-BF4B-00C04F79EFBC}") = "HealthCheckModule", "HealthCheckModule\HealthCheckModule.csproj", "{5C777964-0EAE-41AC-8C36-8E65085B5C6C}"
EndProject
Global
	GlobalSection(SolutionConfigurationPlatforms) = preSolution
		Debug|Any CPU = Debug|Any CPU
		Release|Any CPU = Release|Any CPU
	EndGlobalSection
	GlobalSection(ProjectConfigurationPlatforms) = postSolution
		{887A8565-4A10-44C8-82EF-F2F2D1D2BFBF}.Debug|Any CPU.ActiveCfg = Debug|Any CPU
		{887A8565-4A10-44C8-82EF-F2F2D1D2BFBF}.Debug|Any CPU.Build.0 = Debug|Any CPU
		{887A8565-4A10-44C8-82EF-F2F2D1D2BFBF}.Release|Any CPU.ActiveCfg = Release|Any CPU
		{887A8565-4A10-44C8-82EF-F2F2D1D2BFBF}.Release|Any CPU.Build.0 = Release|Any CPU
		{79593615-289C-4376-9191-04A6A2C166A8}.Debug|Any CPU.ActiveCfg = Debug|Any CPU
		{79593615-289C-4376-9191-04A6A2C166A8}.Debug|Any CPU.Build.0 = Debug|Any CPU
		{79593615-289C-4376-9191-04A6A2C166A8}.Release|Any CPU.ActiveCfg = Release|Any CPU
		{79593615-289C-4376-9191-04A6A2C166A8}.Release|Any CPU.Build.0 = Release|Any CPU
		{D7E84CD2-9BE3-4C36-ACCA-B4773C45B075}.Debug|Any CPU.ActiveCfg = Debug|Any CPU
		{D7E84CD2-9BE3-4C36-ACCA-B4773C45B075}.Debug|Any CPU.Build.0 = Debug|Any CPU
		{D7E84CD2-9BE3-4C36-ACCA-B4773C45B075}.Release|Any CPU.ActiveCfg = Release|Any CPU
		{D7E84CD2-9BE3-4C36-ACCA-B4773C45B075}.Release|Any CPU.Build.0 = Release|Any CPU
		{F30E11CF-CCBB-4FF0-BA3F-8C157395C78A}.Debug|Any CPU.ActiveCfg = Debug|Any CPU
		{F30E11CF-CCBB-4FF0-BA3F-8C157395C78A}.Debug|Any CPU.Build.0 = Debug|Any CPU
		{F30E11CF-CCBB-4FF0-BA3F-8C157395C78A}.Release|Any CPU.ActiveCfg = Release|Any CPU
		{F30E11CF-CCBB-4FF0-BA3F-8C157395C78A}.Release|Any CPU.Build.0 = Release|Any CPU
		{A51A1214-B6B2-49DD-9803-92339812F118}.Debug|Any CPU.ActiveCfg = Debug|Any CPU
		{A51A1214-B6B2-49DD-9803-92339812F118}.Debug|Any CPU.Build.0 = Debug|Any CPU
		{A51A1214-B6B2-49DD-9803-92339812F118}.Release|Any CPU.ActiveCfg = Release|Any CPU
		{A51A1214-B6B2-49DD-9803-92339812F118}.Release|Any CPU.Build.0 = Release|Any CPU
		{BB12935E-05C5-4F6B-B8DC-05CB859C399E}.Debug|Any CPU.ActiveCfg = Debug|Any CPU
		{BB12935E-05C5-4F6B-B8DC-05CB859C399E}.Debug|Any CPU.Build.0 = Debug|Any CPU
		{BB12935E-05C5-4F6B-B8DC-05CB859C399E}.Release|Any CPU.ActiveCfg = Release|Any CPU
		{BB12935E-05C5-4F6B-B8DC-05CB859C399E}.Release|Any CPU.Build.0 = Release|Any CPU
		{6AD84239-6FED-4082-8C0D-52346B3AE4E8}.Debug|Any CPU.ActiveCfg = Debug|Any CPU
		{6AD84239-6FED-4082-8C0D-52346B3AE4E8}.Debug|Any CPU.Build.0 = Debug|Any CPU
		{6AD84239-6FED-4082-8C0D-52346B3AE4E8}.Release|Any CPU.ActiveCfg = Release|Any CPU
		{6AD84239-6FED-4082-8C0D-52346B3AE4E8}.Release|Any CPU.Build.0 = Release|Any CPU
		{5C777964-0EAE-41AC-8C36-8E65085B5C6C}.Debug|Any CPU.ActiveCfg = Debug|Any CPU
		{5C777964-0EAE-41AC-8C36-8E65085B5C6C}.Debug|Any CPU.Build.0 = Debug|Any CPU
		{5C777964-0EAE-41AC-8C36-8E65085B5C6C}.Release|Any CPU.ActiveCfg = Release|Any CPU
		{5C777964-0EAE-41AC-8C36-8E65085B5C6C}.Release|Any CPU.Build.0 = Release|Any CPU
	EndGlobalSection
	GlobalSection(SolutionProperties) = preSolution
		HideSolutionNode = FALSE
	EndGlobalSection
EndGlobal
